
Microsoft Visual Studio Solution File, Format Version 12.00
# Visual Studio Version 16
VisualStudioVersion = 16.0.30114.105
MinimumVisualStudioVersion = 10.0.40219.1
Project("{FAE04EC0-301F-11D3-BF4B-00C04F79EFBC}") = "Criipto.Signatures", "Criipto.Signatures\Criipto.Signatures.csproj", "{8071C7FF-0525-441E-9238-8B8500F9768A}"
EndProject
Project("{FAE04EC0-301F-11D3-BF4B-00C04F79EFBC}") = "Criipto.Signatures.UnitTests", "Criipto.Signatures.UnitTests\Criipto.Signatures.UnitTests.csproj", "{C980C709-AC0A-4171-A1B8-F76469DD8059}"
EndProject
Project("{FAE04EC0-301F-11D3-BF4B-00C04F79EFBC}") = "Criipto.Signatures.IntegrationTests", "Criipto.Signatures.IntegrationTests\Criipto.Signatures.IntegrationTests.csproj", "{6C0AB26B-8CF3-46F6-9509-3B3BE6BE47C9}"
EndProject
Global
	GlobalSection(SolutionConfigurationPlatforms) = preSolution
		Debug|Any CPU = Debug|Any CPU
		Release|Any CPU = Release|Any CPU
	EndGlobalSection
	GlobalSection(SolutionProperties) = preSolution
		HideSolutionNode = FALSE
	EndGlobalSection
	GlobalSection(ProjectConfigurationPlatforms) = postSolution
		{8071C7FF-0525-441E-9238-8B8500F9768A}.Debug|Any CPU.ActiveCfg = Debug|Any CPU
		{8071C7FF-0525-441E-9238-8B8500F9768A}.Debug|Any CPU.Build.0 = Debug|Any CPU
		{8071C7FF-0525-441E-9238-8B8500F9768A}.Release|Any CPU.ActiveCfg = Release|Any CPU
		{8071C7FF-0525-441E-9238-8B8500F9768A}.Release|Any CPU.Build.0 = Release|Any CPU
		{C980C709-AC0A-4171-A1B8-F76469DD8059}.Debug|Any CPU.ActiveCfg = Debug|Any CPU
		{C980C709-AC0A-4171-A1B8-F76469DD8059}.Debug|Any CPU.Build.0 = Debug|Any CPU
		{C980C709-AC0A-4171-A1B8-F76469DD8059}.Release|Any CPU.ActiveCfg = Release|Any CPU
		{C980C709-AC0A-4171-A1B8-F76469DD8059}.Release|Any CPU.Build.0 = Release|Any CPU
		{6C0AB26B-8CF3-46F6-9509-3B3BE6BE47C9}.Debug|Any CPU.ActiveCfg = Debug|Any CPU
		{6C0AB26B-8CF3-46F6-9509-3B3BE6BE47C9}.Debug|Any CPU.Build.0 = Debug|Any CPU
		{6C0AB26B-8CF3-46F6-9509-3B3BE6BE47C9}.Release|Any CPU.ActiveCfg = Release|Any CPU
		{6C0AB26B-8CF3-46F6-9509-3B3BE6BE47C9}.Release|Any CPU.Build.0 = Release|Any CPU
	EndGlobalSection
EndGlobal
